// !$*UTF8*$!
{
	archiveVersion = 1;
	classes = {
	};
	objectVersion = 46;
	objects = {

/* Begin PBXBuildFile section */
		861C843D1D3A152100B090A0 /* AppDelegate.swift in Sources */ = {isa = PBXBuildFile; fileRef = 861C843C1D3A152100B090A0 /* AppDelegate.swift */; };
		861C843F1D3A152100B090A0 /* ViewController.swift in Sources */ = {isa = PBXBuildFile; fileRef = 861C843E1D3A152100B090A0 /* ViewController.swift */; };
		861C84421D3A152100B090A0 /* Main.storyboard in Resources */ = {isa = PBXBuildFile; fileRef = 861C84401D3A152100B090A0 /* Main.storyboard */; };
		861C84441D3A152100B090A0 /* Assets.xcassets in Resources */ = {isa = PBXBuildFile; fileRef = 861C84431D3A152100B090A0 /* Assets.xcassets */; };
		861C84471D3A152100B090A0 /* LaunchScreen.storyboard in Resources */ = {isa = PBXBuildFile; fileRef = 861C84451D3A152100B090A0 /* LaunchScreen.storyboard */; };
		861C84501D3A154900B090A0 /* MCDashedRoundedRectView.swift in Sources */ = {isa = PBXBuildFile; fileRef = 861C844F1D3A154900B090A0 /* MCDashedRoundedRectView.swift */; };
/* End PBXBuildFile section */

/* Begin PBXFileReference section */
		861C84391D3A152100B090A0 /* MCDashedRoundedRectView.app */ = {isa = PBXFileReference; explicitFileType = wrapper.application; includeInIndex = 0; path = MCDashedRoundedRectView.app; sourceTree = BUILT_PRODUCTS_DIR; };
		861C843C1D3A152100B090A0 /* AppDelegate.swift */ = {isa = PBXFileReference; lastKnownFileType = sourcecode.swift; path = AppDelegate.swift; sourceTree = "<group>"; };
		861C843E1D3A152100B090A0 /* ViewController.swift */ = {isa = PBXFileReference; lastKnownFileType = sourcecode.swift; path = ViewController.swift; sourceTree = "<group>"; };
		861C84411D3A152100B090A0 /* Base */ = {isa = PBXFileReference; lastKnownFileType = file.storyboard; name = Base; path = Base.lproj/Main.storyboard; sourceTree = "<group>"; };
		861C84431D3A152100B090A0 /* Assets.xcassets */ = {isa = PBXFileReference; lastKnownFileType = folder.assetcatalog; path = Assets.xcassets; sourceTree = "<group>"; };
		861C84461D3A152100B090A0 /* Base */ = {isa = PBXFileReference; lastKnownFileType = file.storyboard; name = Base; path = Base.lproj/LaunchScreen.storyboard; sourceTree = "<group>"; };
		861C84481D3A152100B090A0 /* Info.plist */ = {isa = PBXFileReference; lastKnownFileType = text.plist.xml; path = Info.plist; sourceTree = "<group>"; };
		861C844F1D3A154900B090A0 /* MCDashedRoundedRectView.swift */ = {isa = PBXFileReference; fileEncoding = 4; lastKnownFileType = sourcecode.swift; name = MCDashedRoundedRectView.swift; path = Classes/MCDashedRoundedRectView.swift; sourceTree = "<group>"; };
/* End PBXFileReference section */

/* Begin PBXFrameworksBuildPhase section */
		861C84361D3A152100B090A0 /* Frameworks */ = {
			isa = PBXFrameworksBuildPhase;
			buildActionMask = 2147483647;
			files = (
			);
			runOnlyForDeploymentPostprocessing = 0;
		};
/* End PBXFrameworksBuildPhase section */

/* Begin PBXGroup section */
		861C84301D3A152100B090A0 = {
			isa = PBXGroup;
			children = (
				861C844E1D3A153D00B090A0 /* Classes */,
				861C843B1D3A152100B090A0 /* MCDashedRoundedRectView */,
				861C843A1D3A152100B090A0 /* Products */,
			);
			sourceTree = "<group>";
		};
		861C843A1D3A152100B090A0 /* Products */ = {
			isa = PBXGroup;
			children = (
				861C84391D3A152100B090A0 /* MCDashedRoundedRectView.app */,
			);
			name = Products;
			sourceTree = "<group>";
		};
		861C843B1D3A152100B090A0 /* MCDashedRoundedRectView */ = {
			isa = PBXGroup;
			children = (
				861C843C1D3A152100B090A0 /* AppDelegate.swift */,
				861C843E1D3A152100B090A0 /* ViewController.swift */,
				861C84401D3A152100B090A0 /* Main.storyboard */,
				861C84431D3A152100B090A0 /* Assets.xcassets */,
				861C84451D3A152100B090A0 /* LaunchScreen.storyboard */,
				861C84481D3A152100B090A0 /* Info.plist */,
			);
			path = MCDashedRoundedRectView;
			sourceTree = "<group>";
		};
		861C844E1D3A153D00B090A0 /* Classes */ = {
			isa = PBXGroup;
			children = (
				861C844F1D3A154900B090A0 /* MCDashedRoundedRectView.swift */,
			);
			name = Classes;
			sourceTree = "<group>";
		};
/* End PBXGroup section */

/* Begin PBXNativeTarget section */
		861C84381D3A152100B090A0 /* MCDashedRoundedRectView */ = {
			isa = PBXNativeTarget;
			buildConfigurationList = 861C844B1D3A152100B090A0 /* Build configuration list for PBXNativeTarget "MCDashedRoundedRectView" */;
			buildPhases = (
				861C84351D3A152100B090A0 /* Sources */,
				861C84361D3A152100B090A0 /* Frameworks */,
				861C84371D3A152100B090A0 /* Resources */,
			);
			buildRules = (
			);
			dependencies = (
			);
			name = MCDashedRoundedRectView;
			productName = MCDashedRoundedRectView;
			productReference = 861C84391D3A152100B090A0 /* MCDashedRoundedRectView.app */;
			productType = "com.apple.product-type.application";
		};
/* End PBXNativeTarget section */

/* Begin PBXProject section */
		861C84311D3A152100B090A0 /* Project object */ = {
			isa = PBXProject;
			attributes = {
				LastSwiftUpdateCheck = 0730;
				LastUpgradeCheck = 0940;
				ORGANIZATIONNAME = "Mobile Creators";
				TargetAttributes = {
					861C84381D3A152100B090A0 = {
						CreatedOnToolsVersion = 7.3.1;
						LastSwiftMigration = 0940;
					};
				};
			};
			buildConfigurationList = 861C84341D3A152100B090A0 /* Build configuration list for PBXProject "MCDashedRoundedRectView" */;
			compatibilityVersion = "Xcode 3.2";
			developmentRegion = English;
			hasScannedForEncodings = 0;
			knownRegions = (
				en,
				Base,
			);
			mainGroup = 861C84301D3A152100B090A0;
			productRefGroup = 861C843A1D3A152100B090A0 /* Products */;
			projectDirPath = "";
			projectRoot = "";
			targets = (
				861C84381D3A152100B090A0 /* MCDashedRoundedRectView */,
			);
		};
/* End PBXProject section */

/* Begin PBXResourcesBuildPhase section */
		861C84371D3A152100B090A0 /* Resources */ = {
			isa = PBXResourcesBuildPhase;
			buildActionMask = 2147483647;
			files = (
				861C84471D3A152100B090A0 /* LaunchScreen.storyboard in Resources */,
				861C84441D3A152100B090A0 /* Assets.xcassets in Resources */,
				861C84421D3A152100B090A0 /* Main.storyboard in Resources */,
			);
			runOnlyForDeploymentPostprocessing = 0;
		};
/* End PBXResourcesBuildPhase section */

/* Begin PBXSourcesBuildPhase section */
		861C84351D3A152100B090A0 /* Sources */ = {
			isa = PBXSourcesBuildPhase;
			buildActionMask = 2147483647;
			files = (
				861C84501D3A154900B090A0 /* MCDashedRoundedRectView.swift in Sources */,
				861C843F1D3A152100B090A0 /* ViewController.swift in Sources */,
				861C843D1D3A152100B090A0 /* AppDelegate.swift in Sources */,
			);
			runOnlyForDeploymentPostprocessing = 0;
		};
/* End PBXSourcesBuildPhase section */

/* Begin PBXVariantGroup section */
		861C84401D3A152100B090A0 /* Main.storyboard */ = {
			isa = PBXVariantGroup;
			children = (
				861C84411D3A152100B090A0 /* Base */,
			);
			name = Main.storyboard;
			sourceTree = "<group>";
		};
		861C84451D3A152100B090A0 /* LaunchScreen.storyboard */ = {
			isa = PBXVariantGroup;
			children = (
				861C84461D3A152100B090A0 /* Base */,
			);
			name = LaunchScreen.storyboard;
			sourceTree = "<group>";
		};
/* End PBXVariantGroup section */

/* Begin XCBuildConfiguration section */
		861C84491D3A152100B090A0 /* Debug */ = {
			isa = XCBuildConfiguration;
			buildSettings = {
				ALWAYS_SEARCH_USER_PATHS = NO;
				CLANG_ANALYZER_NONNULL = YES;
				CLANG_CXX_LANGUAGE_STANDARD = "gnu++0x";
				CLANG_CXX_LIBRARY = "libc++";
				CLANG_ENABLE_MODULES = YES;
				CLANG_ENABLE_OBJC_ARC = YES;
				CLANG_WARN_BLOCK_CAPTURE_AUTORELEASING = YES;
				CLANG_WARN_BOOL_CONVERSION = YES;
				CLANG_WARN_COMMA = YES;
				CLANG_WARN_CONSTANT_CONVERSION = YES;
				CLANG_WARN_DEPRECATED_OBJC_IMPLEMENTATIONS = YES;
				CLANG_WARN_DIRECT_OBJC_ISA_USAGE = YES_ERROR;
				CLANG_WARN_EMPTY_BODY = YES;
				CLANG_WARN_ENUM_CONVERSION = YES;
				CLANG_WARN_INFINITE_RECURSION = YES;
				CLANG_WARN_INT_CONVERSION = YES;
				CLANG_WARN_NON_LITERAL_NULL_CONVERSION = YES;
				CLANG_WARN_OBJC_IMPLICIT_RETAIN_SELF = YES;
				CLANG_WARN_OBJC_LITERAL_CONVERSION = YES;
				CLANG_WARN_OBJC_ROOT_CLASS = YES_ERROR;
				CLANG_WARN_RANGE_LOOP_ANALYSIS = YES;
				CLANG_WARN_STRICT_PROTOTYPES = YES;
				CLANG_WARN_SUSPICIOUS_MOVE = YES;
				CLANG_WARN_UNREACHABLE_CODE = YES;
				CLANG_WARN__DUPLICATE_METHOD_MATCH = YES;
				"CODE_SIGN_IDENTITY[sdk=iphoneos*]" = "iPhone Developer";
				COPY_PHASE_STRIP = NO;
				DEBUG_INFORMATION_FORMAT = dwarf;
				ENABLE_STRICT_OBJC_MSGSEND = YES;
				ENABLE_TESTABILITY = YES;
				GCC_C_LANGUAGE_STANDARD = gnu99;
				GCC_DYNAMIC_NO_PIC = NO;
				GCC_NO_COMMON_BLOCKS = YES;
				GCC_OPTIMIZATION_LEVEL = 0;
				GCC_PREPROCESSOR_DEFINITIONS = (
					"DEBUG=1",
					"$(inherited)",
				);
				GCC_WARN_64_TO_32_BIT_CONVERSION = YES;
				GCC_WARN_ABOUT_RETURN_TYPE = YES_ERROR;
				GCC_WARN_UNDECLARED_SELECTOR = YES;
				GCC_WARN_UNINITIALIZED_AUTOS = YES_AGGRESSIVE;
				GCC_WARN_UNUSED_FUNCTION = YES;
				GCC_WARN_UNUSED_VARIABLE = YES;
				IPHONEOS_DEPLOYMENT_TARGET = 9.3;
				MTL_ENABLE_DEBUG_INFO = YES;
				ONLY_ACTIVE_ARCH = YES;
				SDKROOT = iphoneos;
				SWIFT_OPTIMIZATION_LEVEL = "-Onone";
				TARGETED_DEVICE_FAMILY = "1,2";
			};
			name = Debug;
		};
		861C844A1D3A152100B090A0 /* Release */ = {
			isa = XCBuildConfiguration;
			buildSettings = {
				ALWAYS_SEARCH_USER_PATHS = NO;
				CLANG_ANALYZER_NONNULL = YES;
				CLANG_CXX_LANGUAGE_STANDARD = "gnu++0x";
				CLANG_CXX_LIBRARY = "libc++";
				CLANG_ENABLE_MODULES = YES;
				CLANG_ENABLE_OBJC_ARC = YES;
				CLANG_WARN_BLOCK_CAPTURE_AUTORELEASING = YES;
				CLANG_WARN_BOOL_CONVERSION = YES;
				CLANG_WARN_COMMA = YES;
				CLANG_WARN_CONSTANT_CONVERSION = YES;
				CLANG_WARN_DEPRECATED_OBJC_IMPLEMENTATIONS = YES;
				CLANG_WARN_DIRECT_OBJC_ISA_USAGE = YES_ERROR;
				CLANG_WARN_EMPTY_BODY = YES;
				CLANG_WARN_ENUM_CONVERSION = YES;
				CLANG_WARN_INFINITE_RECURSION = YES;
				CLANG_WARN_INT_CONVERSION = YES;
				CLANG_WARN_NON_LITERAL_NULL_CONVERSION = YES;
				CLANG_WARN_OBJC_IMPLICIT_RETAIN_SELF = YES;
				CLANG_WARN_OBJC_LITERAL_CONVERSION = YES;
				CLANG_WARN_OBJC_ROOT_CLASS = YES_ERROR;
				CLANG_WARN_RANGE_LOOP_ANALYSIS = YES;
				CLANG_WARN_STRICT_PROTOTYPES = YES;
				CLANG_WARN_SUSPICIOUS_MOVE = YES;
				CLANG_WARN_UNREACHABLE_CODE = YES;
				CLANG_WARN__DUPLICATE_METHOD_MATCH = YES;
				"CODE_SIGN_IDENTITY[sdk=iphoneos*]" = "iPhone Developer";
				COPY_PHASE_STRIP = NO;
				DEBUG_INFORMATION_FORMAT = "dwarf-with-dsym";
				ENABLE_NS_ASSERTIONS = NO;
				ENABLE_STRICT_OBJC_MSGSEND = YES;
				GCC_C_LANGUAGE_STANDARD = gnu99;
				GCC_NO_COMMON_BLOCKS = YES;
				GCC_WARN_64_TO_32_BIT_CONVERSION = YES;
				GCC_WARN_ABOUT_RETURN_TYPE = YES_ERROR;
				GCC_WARN_UNDECLARED_SELECTOR = YES;
				GCC_WARN_UNINITIALIZED_AUTOS = YES_AGGRESSIVE;
				GCC_WARN_UNUSED_FUNCTION = YES;
				GCC_WARN_UNUSED_VARIABLE = YES;
				IPHONEOS_DEPLOYMENT_TARGET = 9.3;
				MTL_ENABLE_DEBUG_INFO = NO;
				SDKROOT = iphoneos;
				SWIFT_COMPILATION_MODE = wholemodule;
				TARGETED_DEVICE_FAMILY = "1,2";
				VALIDATE_PRODUCT = YES;
			};
			name = Release;
		};
		861C844C1D3A152100B090A0 /* Debug */ = {
			isa = XCBuildConfiguration;
			buildSettings = {
				ASSETCATALOG_COMPILER_APPICON_NAME = AppIcon;
				INFOPLIST_FILE = MCDashedRoundedRectView/Info.plist;
				LD_RUNPATH_SEARCH_PATHS = "$(inherited) @executable_path/Frameworks";
				PRODUCT_BUNDLE_IDENTIFIER = com.mobicreators.MCDashedRoundedRectView;
				PRODUCT_NAME = "$(TARGET_NAME)";
				SWIFT_SWIFT3_OBJC_INFERENCE = Default;
				SWIFT_VERSION = 4.0;
			};
			name = Debug;
		};
		861C844D1D3A152100B090A0 /* Release */ = {
			isa = XCBuildConfiguration;
			buildSettings = {
				ASSETCATALOG_COMPILER_APPICON_NAME = AppIcon;
				INFOPLIST_FILE = MCDashedRoundedRectView/Info.plist;
				LD_RUNPATH_SEARCH_PATHS = "$(inherited) @executable_path/Frameworks";
				PRODUCT_BUNDLE_IDENTIFIER = com.mobicreators.MCDashedRoundedRectView;
				PRODUCT_NAME = "$(TARGET_NAME)";
				SWIFT_SWIFT3_OBJC_INFERENCE = Default;
				SWIFT_VERSION = 4.0;
			};
			name = Release;
		};
/* End XCBuildConfiguration section */

/* Begin XCConfigurationList section */
		861C84341D3A152100B090A0 /* Build configuration list for PBXProject "MCDashedRoundedRectView" */ = {
			isa = XCConfigurationList;
			buildConfigurations = (
				861C84491D3A152100B090A0 /* Debug */,
				861C844A1D3A152100B090A0 /* Release */,
			);
			defaultConfigurationIsVisible = 0;
			defaultConfigurationName = Release;
		};
		861C844B1D3A152100B090A0 /* Build configuration list for PBXNativeTarget "MCDashedRoundedRectView" */ = {
			isa = XCConfigurationList;
			buildConfigurations = (
				861C844C1D3A152100B090A0 /* Debug */,
				861C844D1D3A152100B090A0 /* Release */,
			);
			defaultConfigurationIsVisible = 0;
			defaultConfigurationName = Release;
		};
/* End XCConfigurationList section */
	};
	rootObject = 861C84311D3A152100B090A0 /* Project object */;
}
